// !$*UTF8*$!
{
	archiveVersion = 1;
	classes = {
	};
	objectVersion = 50;
	objects = {

/* Begin PBXBuildFile section */
		B35F686C248BE031005624DA /* AppDelegate.swift in Sources */ = {isa = PBXBuildFile; fileRef = B35F686B248BE031005624DA /* AppDelegate.swift */; };
		B35F686E248BE031005624DA /* SceneDelegate.swift in Sources */ = {isa = PBXBuildFile; fileRef = B35F686D248BE031005624DA /* SceneDelegate.swift */; };
		B35F6870248BE031005624DA /* ContentView.swift in Sources */ = {isa = PBXBuildFile; fileRef = B35F686F248BE031005624DA /* ContentView.swift */; };
		B35F6872248BE041005624DA /* Assets.xcassets in Resources */ = {isa = PBXBuildFile; fileRef = B35F6871248BE041005624DA /* Assets.xcassets */; };
		B35F6875248BE041005624DA /* Preview Assets.xcassets in Resources */ = {isa = PBXBuildFile; fileRef = B35F6874248BE041005624DA /* Preview Assets.xcassets */; };
		B35F6878248BE041005624DA /* LaunchScreen.storyboard in Resources */ = {isa = PBXBuildFile; fileRef = B35F6876248BE041005624DA /* LaunchScreen.storyboard */; };
		B3F3025D248BF75800DAFF79 /* CandidateDetailView.swift in Sources */ = {isa = PBXBuildFile; fileRef = B3F3025C248BF75800DAFF79 /* CandidateDetailView.swift */; };
		B3F30261248BF93000DAFF79 /* AddView.swift in Sources */ = {isa = PBXBuildFile; fileRef = B3F30260248BF93000DAFF79 /* AddView.swift */; };
/* End PBXBuildFile section */

/* Begin PBXFileReference section */
		B35F6868248BE031005624DA /* MilestoneTasks.app */ = {isa = PBXFileReference; explicitFileType = wrapper.application; includeInIndex = 0; path = MilestoneTasks.app; sourceTree = BUILT_PRODUCTS_DIR; };
		B35F686B248BE031005624DA /* AppDelegate.swift */ = {isa = PBXFileReference; lastKnownFileType = sourcecode.swift; path = AppDelegate.swift; sourceTree = "<group>"; };
		B35F686D248BE031005624DA /* SceneDelegate.swift */ = {isa = PBXFileReference; lastKnownFileType = sourcecode.swift; path = SceneDelegate.swift; sourceTree = "<group>"; };
		B35F686F248BE031005624DA /* ContentView.swift */ = {isa = PBXFileReference; lastKnownFileType = sourcecode.swift; path = ContentView.swift; sourceTree = "<group>"; };
		B35F6871248BE041005624DA /* Assets.xcassets */ = {isa = PBXFileReference; lastKnownFileType = folder.assetcatalog; path = Assets.xcassets; sourceTree = "<group>"; };
		B35F6874248BE041005624DA /* Preview Assets.xcassets */ = {isa = PBXFileReference; lastKnownFileType = folder.assetcatalog; path = "Preview Assets.xcassets"; sourceTree = "<group>"; };
		B35F6877248BE041005624DA /* Base */ = {isa = PBXFileReference; lastKnownFileType = file.storyboard; name = Base; path = Base.lproj/LaunchScreen.storyboard; sourceTree = "<group>"; };
		B35F6879248BE041005624DA /* Info.plist */ = {isa = PBXFileReference; lastKnownFileType = text.plist.xml; path = Info.plist; sourceTree = "<group>"; };
		B3F3025C248BF75800DAFF79 /* CandidateDetailView.swift */ = {isa = PBXFileReference; lastKnownFileType = sourcecode.swift; path = CandidateDetailView.swift; sourceTree = "<group>"; };
		B3F30260248BF93000DAFF79 /* AddView.swift */ = {isa = PBXFileReference; lastKnownFileType = sourcecode.swift; path = AddView.swift; sourceTree = "<group>"; };
/* End PBXFileReference section */

/* Begin PBXFrameworksBuildPhase section */
		B35F6865248BE031005624DA /* Frameworks */ = {
			isa = PBXFrameworksBuildPhase;
			buildActionMask = 2147483647;
			files = (
			);
			runOnlyForDeploymentPostprocessing = 0;
		};
/* End PBXFrameworksBuildPhase section */

/* Begin PBXGroup section */
		B35F685F248BE031005624DA = {
			isa = PBXGroup;
			children = (
				B35F686A248BE031005624DA /* MilestoneTasks */,
				B35F6869248BE031005624DA /* Products */,
			);
			sourceTree = "<group>";
		};
		B35F6869248BE031005624DA /* Products */ = {
			isa = PBXGroup;
			children = (
				B35F6868248BE031005624DA /* MilestoneTasks.app */,
			);
			name = Products;
			sourceTree = "<group>";
		};
		B35F686A248BE031005624DA /* MilestoneTasks */ = {
			isa = PBXGroup;
			children = (
				B35F686B248BE031005624DA /* AppDelegate.swift */,
				B35F686D248BE031005624DA /* SceneDelegate.swift */,
				B35F686F248BE031005624DA /* ContentView.swift */,
				B3F3025C248BF75800DAFF79 /* CandidateDetailView.swift */,
				B3F30260248BF93000DAFF79 /* AddView.swift */,
				B35F6871248BE041005624DA /* Assets.xcassets */,
				B35F6876248BE041005624DA /* LaunchScreen.storyboard */,
				B35F6879248BE041005624DA /* Info.plist */,
				B35F6873248BE041005624DA /* Preview Content */,
			);
			path = MilestoneTasks;
			sourceTree = "<group>";
		};
		B35F6873248BE041005624DA /* Preview Content */ = {
			isa = PBXGroup;
			children = (
				B35F6874248BE041005624DA /* Preview Assets.xcassets */,
			);
			path = "Preview Content";
			sourceTree = "<group>";
		};
/* End PBXGroup section */

/* Begin PBXNativeTarget section */
		B35F6867248BE031005624DA /* MilestoneTasks */ = {
			isa = PBXNativeTarget;
			buildConfigurationList = B35F687C248BE041005624DA /* Build configuration list for PBXNativeTarget "MilestoneTasks" */;
			buildPhases = (
				B35F6864248BE031005624DA /* Sources */,
				B35F6865248BE031005624DA /* Frameworks */,
				B35F6866248BE031005624DA /* Resources */,
			);
			buildRules = (
			);
			dependencies = (
			);
			name = MilestoneTasks;
			productName = MilestoneTasks;
			productReference = B35F6868248BE031005624DA /* MilestoneTasks.app */;
			productType = "com.apple.product-type.application";
		};
/* End PBXNativeTarget section */

/* Begin PBXProject section */
		B35F6860248BE031005624DA /* Project object */ = {
			isa = PBXProject;
			attributes = {
				LastSwiftUpdateCheck = 1140;
				LastUpgradeCheck = 1140;
				ORGANIZATIONNAME = "Boyce Estes";
				TargetAttributes = {
					B35F6867248BE031005624DA = {
						CreatedOnToolsVersion = 11.4.1;
					};
				};
			};
			buildConfigurationList = B35F6863248BE031005624DA /* Build configuration list for PBXProject "MilestoneTasks" */;
			compatibilityVersion = "Xcode 9.3";
			developmentRegion = en;
			hasScannedForEncodings = 0;
			knownRegions = (
				en,
				Base,
			);
			mainGroup = B35F685F248BE031005624DA;
			productRefGroup = B35F6869248BE031005624DA /* Products */;
			projectDirPath = "";
			projectRoot = "";
			targets = (
				B35F6867248BE031005624DA /* MilestoneTasks */,
			);
		};
/* End PBXProject section */

/* Begin PBXResourcesBuildPhase section */
		B35F6866248BE031005624DA /* Resources */ = {
			isa = PBXResourcesBuildPhase;
			buildActionMask = 2147483647;
			files = (
				B35F6878248BE041005624DA /* LaunchScreen.storyboard in Resources */,
				B35F6875248BE041005624DA /* Preview Assets.xcassets in Resources */,
				B35F6872248BE041005624DA /* Assets.xcassets in Resources */,
			);
			runOnlyForDeploymentPostprocessing = 0;
		};
/* End PBXResourcesBuildPhase section */

/* Begin PBXSourcesBuildPhase section */
		B35F6864248BE031005624DA /* Sources */ = {
			isa = PBXSourcesBuildPhase;
			buildActionMask = 2147483647;
			files = (
				B3F3025D248BF75800DAFF79 /* CandidateDetailView.swift in Sources */,
				B35F686C248BE031005624DA /* AppDelegate.swift in Sources */,
				B3F30261248BF93000DAFF79 /* AddView.swift in Sources */,
				B35F686E248BE031005624DA /* SceneDelegate.swift in Sources */,
				B35F6870248BE031005624DA /* ContentView.swift in Sources */,
			);
			runOnlyForDeploymentPostprocessing = 0;
		};
/* End PBXSourcesBuildPhase section */

/* Begin PBXVariantGroup section */
		B35F6876248BE041005624DA /* LaunchScreen.storyboard */ = {
			isa = PBXVariantGroup;
			children = (
				B35F6877248BE041005624DA /* Base */,
			);
			name = LaunchScreen.storyboard;
			sourceTree = "<group>";
		};
/* End PBXVariantGroup section */

/* Begin XCBuildConfiguration section */
		B35F687A248BE041005624DA /* Debug */ = {
			isa = XCBuildConfiguration;
			buildSettings = {
				ALWAYS_SEARCH_USER_PATHS = NO;
				CLANG_ANALYZER_NONNULL = YES;
				CLANG_ANALYZER_NUMBER_OBJECT_CONVERSION = YES_AGGRESSIVE;
				CLANG_CXX_LANGUAGE_STANDARD = "gnu++14";
				CLANG_CXX_LIBRARY = "libc++";
				CLANG_ENABLE_MODULES = YES;
				CLANG_ENABLE_OBJC_ARC = YES;
				CLANG_ENABLE_OBJC_WEAK = YES;
				CLANG_WARN_BLOCK_CAPTURE_AUTORELEASING = YES;
				CLANG_WARN_BOOL_CONVERSION = YES;
				CLANG_WARN_COMMA = YES;
				CLANG_WARN_CONSTANT_CONVERSION = YES;
				CLANG_WARN_DEPRECATED_OBJC_IMPLEMENTATIONS = YES;
				CLANG_WARN_DIRECT_OBJC_ISA_USAGE = YES_ERROR;
				CLANG_WARN_DOCUMENTATION_COMMENTS = YES;
				CLANG_WARN_EMPTY_BODY = YES;
				CLANG_WARN_ENUM_CONVERSION = YES;
				CLANG_WARN_INFINITE_RECURSION = YES;
				CLANG_WARN_INT_CONVERSION = YES;
				CLANG_WARN_NON_LITERAL_NULL_CONVERSION = YES;
				CLANG_WARN_OBJC_IMPLICIT_RETAIN_SELF = YES;
				CLANG_WARN_OBJC_LITERAL_CONVERSION = YES;
				CLANG_WARN_OBJC_ROOT_CLASS = YES_ERROR;
				CLANG_WARN_RANGE_LOOP_ANALYSIS = YES;
				CLANG_WARN_STRICT_PROTOTYPES = YES;
				CLANG_WARN_SUSPICIOUS_MOVE = YES;
				CLANG_WARN_UNGUARDED_AVAILABILITY = YES_AGGRESSIVE;
				CLANG_WARN_UNREACHABLE_CODE = YES;
				CLANG_WARN__DUPLICATE_METHOD_MATCH = YES;
				COPY_PHASE_STRIP = NO;
				DEBUG_INFORMATION_FORMAT = dwarf;
				ENABLE_STRICT_OBJC_MSGSEND = YES;
				ENABLE_TESTABILITY = YES;
				GCC_C_LANGUAGE_STANDARD = gnu11;
				GCC_DYNAMIC_NO_PIC = NO;
				GCC_NO_COMMON_BLOCKS = YES;
				GCC_OPTIMIZATION_LEVEL = 0;
				GCC_PREPROCESSOR_DEFINITIONS = (
					"DEBUG=1",
					"$(inherited)",
				);
				GCC_WARN_64_TO_32_BIT_CONVERSION = YES;
				GCC_WARN_ABOUT_RETURN_TYPE = YES_ERROR;
				GCC_WARN_UNDECLARED_SELECTOR = YES;
				GCC_WARN_UNINITIALIZED_AUTOS = YES_AGGRESSIVE;
				GCC_WARN_UNUSED_FUNCTION = YES;
				GCC_WARN_UNUSED_VARIABLE = YES;
				IPHONEOS_DEPLOYMENT_TARGET = 13.4;
				MTL_ENABLE_DEBUG_INFO = INCLUDE_SOURCE;
				MTL_FAST_MATH = YES;
				ONLY_ACTIVE_ARCH = YES;
				SDKROOT = iphoneos;
				SWIFT_ACTIVE_COMPILATION_CONDITIONS = DEBUG;
				SWIFT_OPTIMIZATION_LEVEL = "-Onone";
			};
			name = Debug;
		};
		B35F687B248BE041005624DA /* Release */ = {
			isa = XCBuildConfiguration;
			buildSettings = {
				ALWAYS_SEARCH_USER_PATHS = NO;
				CLANG_ANALYZER_NONNULL = YES;
				CLANG_ANALYZER_NUMBER_OBJECT_CONVERSION = YES_AGGRESSIVE;
				CLANG_CXX_LANGUAGE_STANDARD = "gnu++14";
				CLANG_CXX_LIBRARY = "libc++";
				CLANG_ENABLE_MODULES = YES;
				CLANG_ENABLE_OBJC_ARC = YES;
				CLANG_ENABLE_OBJC_WEAK = YES;
				CLANG_WARN_BLOCK_CAPTURE_AUTORELEASING = YES;
				CLANG_WARN_BOOL_CONVERSION = YES;
				CLANG_WARN_COMMA = YES;
				CLANG_WARN_CONSTANT_CONVERSION = YES;
				CLANG_WARN_DEPRECATED_OBJC_IMPLEMENTATIONS = YES;
				CLANG_WARN_DIRECT_OBJC_ISA_USAGE = YES_ERROR;
				CLANG_WARN_DOCUMENTATION_COMMENTS = YES;
				CLANG_WARN_EMPTY_BODY = YES;
				CLANG_WARN_ENUM_CONVERSION = YES;
				CLANG_WARN_INFINITE_RECURSION = YES;
				CLANG_WARN_INT_CONVERSION = YES;
				CLANG_WARN_NON_LITERAL_NULL_CONVERSION = YES;
				CLANG_WARN_OBJC_IMPLICIT_RETAIN_SELF = YES;
				CLANG_WARN_OBJC_LITERAL_CONVERSION = YES;
				CLANG_WARN_OBJC_ROOT_CLASS = YES_ERROR;
				CLANG_WARN_RANGE_LOOP_ANALYSIS = YES;
				CLANG_WARN_STRICT_PROTOTYPES = YES;
				CLANG_WARN_SUSPICIOUS_MOVE = YES;
				CLANG_WARN_UNGUARDED_AVAILABILITY = YES_AGGRESSIVE;
				CLANG_WARN_UNREACHABLE_CODE = YES;
				CLANG_WARN__DUPLICATE_METHOD_MATCH = YES;
				COPY_PHASE_STRIP = NO;
				DEBUG_INFORMATION_FORMAT = "dwarf-with-dsym";
				ENABLE_NS_ASSERTIONS = NO;
				ENABLE_STRICT_OBJC_MSGSEND = YES;
				GCC_C_LANGUAGE_STANDARD = gnu11;
				GCC_NO_COMMON_BLOCKS = YES;
				GCC_WARN_64_TO_32_BIT_CONVERSION = YES;
				GCC_WARN_ABOUT_RETURN_TYPE = YES_ERROR;
				GCC_WARN_UNDECLARED_SELECTOR = YES;
				GCC_WARN_UNINITIALIZED_AUTOS = YES_AGGRESSIVE;
				GCC_WARN_UNUSED_FUNCTION = YES;
				GCC_WARN_UNUSED_VARIABLE = YES;
				IPHONEOS_DEPLOYMENT_TARGET = 13.4;
				MTL_ENABLE_DEBUG_INFO = NO;
				MTL_FAST_MATH = YES;
				SDKROOT = iphoneos;
				SWIFT_COMPILATION_MODE = wholemodule;
				SWIFT_OPTIMIZATION_LEVEL = "-O";
				VALIDATE_PRODUCT = YES;
			};
			name = Release;
		};
		B35F687D248BE041005624DA /* Debug */ = {
			isa = XCBuildConfiguration;
			buildSettings = {
				ASSETCATALOG_COMPILER_APPICON_NAME = AppIcon;
				CODE_SIGN_STYLE = Automatic;
				DEVELOPMENT_ASSET_PATHS = "\"MilestoneTasks/Preview Content\"";
				DEVELOPMENT_TEAM = RXL7292WR8;
				ENABLE_PREVIEWS = YES;
				INFOPLIST_FILE = MilestoneTasks/Info.plist;
				LD_RUNPATH_SEARCH_PATHS = (
					"$(inherited)",
					"@executable_path/Frameworks",
				);
				PRODUCT_BUNDLE_IDENTIFIER = me.estes.boyce.MilestoneTasks;
				PRODUCT_NAME = "$(TARGET_NAME)";
				SWIFT_VERSION = 5.0;
				TARGETED_DEVICE_FAMILY = "1,2";
			};
			name = Debug;
		};
		B35F687E248BE041005624DA /* Release */ = {
			isa = XCBuildConfiguration;
			buildSettings = {
				ASSETCATALOG_COMPILER_APPICON_NAME = AppIcon;
				CODE_SIGN_STYLE = Automatic;
				DEVELOPMENT_ASSET_PATHS = "\"MilestoneTasks/Preview Content\"";
				DEVELOPMENT_TEAM = RXL7292WR8;
				ENABLE_PREVIEWS = YES;
				INFOPLIST_FILE = MilestoneTasks/Info.plist;
				LD_RUNPATH_SEARCH_PATHS = (
					"$(inherited)",
					"@executable_path/Frameworks",
				);
				PRODUCT_BUNDLE_IDENTIFIER = me.estes.boyce.MilestoneTasks;
				PRODUCT_NAME = "$(TARGET_NAME)";
				SWIFT_VERSION = 5.0;
				TARGETED_DEVICE_FAMILY = "1,2";
			};
			name = Release;
		};
/* End XCBuildConfiguration section */

/* Begin XCConfigurationList section */
		B35F6863248BE031005624DA /* Build configuration list for PBXProject "MilestoneTasks" */ = {
			isa = XCConfigurationList;
			buildConfigurations = (
				B35F687A248BE041005624DA /* Debug */,
				B35F687B248BE041005624DA /* Release */,
			);
			defaultConfigurationIsVisible = 0;
			defaultConfigurationName = Release;
		};
		B35F687C248BE041005624DA /* Build configuration list for PBXNativeTarget "MilestoneTasks" */ = {
			isa = XCConfigurationList;
			buildConfigurations = (
				B35F687D248BE041005624DA /* Debug */,
				B35F687E248BE041005624DA /* Release */,
			);
			defaultConfigurationIsVisible = 0;
			defaultConfigurationName = Release;
		};
/* End XCConfigurationList section */
	};
	rootObject = B35F6860248BE031005624DA /* Project object */;
}
