// !$*UTF8*$!
{
	archiveVersion = 1;
	classes = {
	};
	objectVersion = 50;
	objects = {

/* Begin PBXBuildFile section */
		B302554C24951C4300B05623 /* AddBookView.swift in Sources */ = {isa = PBXBuildFile; fileRef = B302554B24951C4300B05623 /* AddBookView.swift */; };
		B302554E249524B500B05623 /* StarRating.swift in Sources */ = {isa = PBXBuildFile; fileRef = B302554D249524B500B05623 /* StarRating.swift */; };
		B302555024952A5F00B05623 /* EmojiRatingView.swift in Sources */ = {isa = PBXBuildFile; fileRef = B302554F24952A5F00B05623 /* EmojiRatingView.swift */; };
		B31289C624966254006DE052 /* DetailView.swift in Sources */ = {isa = PBXBuildFile; fileRef = B31289C524966254006DE052 /* DetailView.swift */; };
		B3850D232493B59700646AAE /* AppDelegate.swift in Sources */ = {isa = PBXBuildFile; fileRef = B3850D222493B59700646AAE /* AppDelegate.swift */; };
		B3850D252493B59700646AAE /* SceneDelegate.swift in Sources */ = {isa = PBXBuildFile; fileRef = B3850D242493B59700646AAE /* SceneDelegate.swift */; };
		B3850D282493B59700646AAE /* Bookworm.xcdatamodeld in Sources */ = {isa = PBXBuildFile; fileRef = B3850D262493B59700646AAE /* Bookworm.xcdatamodeld */; };
		B3850D2A2493B59700646AAE /* ContentView.swift in Sources */ = {isa = PBXBuildFile; fileRef = B3850D292493B59700646AAE /* ContentView.swift */; };
		B3850D2C2493B59900646AAE /* Assets.xcassets in Resources */ = {isa = PBXBuildFile; fileRef = B3850D2B2493B59900646AAE /* Assets.xcassets */; };
		B3850D2F2493B59900646AAE /* Preview Assets.xcassets in Resources */ = {isa = PBXBuildFile; fileRef = B3850D2E2493B59900646AAE /* Preview Assets.xcassets */; };
		B3850D322493B59900646AAE /* LaunchScreen.storyboard in Resources */ = {isa = PBXBuildFile; fileRef = B3850D302493B59900646AAE /* LaunchScreen.storyboard */; };
/* End PBXBuildFile section */

/* Begin PBXFileReference section */
		B302554B24951C4300B05623 /* AddBookView.swift */ = {isa = PBXFileReference; lastKnownFileType = sourcecode.swift; path = AddBookView.swift; sourceTree = "<group>"; };
		B302554D249524B500B05623 /* StarRating.swift */ = {isa = PBXFileReference; lastKnownFileType = sourcecode.swift; path = StarRating.swift; sourceTree = "<group>"; };
		B302554F24952A5F00B05623 /* EmojiRatingView.swift */ = {isa = PBXFileReference; lastKnownFileType = sourcecode.swift; path = EmojiRatingView.swift; sourceTree = "<group>"; };
		B31289C524966254006DE052 /* DetailView.swift */ = {isa = PBXFileReference; lastKnownFileType = sourcecode.swift; path = DetailView.swift; sourceTree = "<group>"; };
		B3850D1F2493B59700646AAE /* Bookworm.app */ = {isa = PBXFileReference; explicitFileType = wrapper.application; includeInIndex = 0; path = Bookworm.app; sourceTree = BUILT_PRODUCTS_DIR; };
		B3850D222493B59700646AAE /* AppDelegate.swift */ = {isa = PBXFileReference; lastKnownFileType = sourcecode.swift; path = AppDelegate.swift; sourceTree = "<group>"; };
		B3850D242493B59700646AAE /* SceneDelegate.swift */ = {isa = PBXFileReference; lastKnownFileType = sourcecode.swift; path = SceneDelegate.swift; sourceTree = "<group>"; };
		B3850D272493B59700646AAE /* Bookworm.xcdatamodel */ = {isa = PBXFileReference; lastKnownFileType = wrapper.xcdatamodel; path = Bookworm.xcdatamodel; sourceTree = "<group>"; };
		B3850D292493B59700646AAE /* ContentView.swift */ = {isa = PBXFileReference; lastKnownFileType = sourcecode.swift; path = ContentView.swift; sourceTree = "<group>"; };
		B3850D2B2493B59900646AAE /* Assets.xcassets */ = {isa = PBXFileReference; lastKnownFileType = folder.assetcatalog; path = Assets.xcassets; sourceTree = "<group>"; };
		B3850D2E2493B59900646AAE /* Preview Assets.xcassets */ = {isa = PBXFileReference; lastKnownFileType = folder.assetcatalog; path = "Preview Assets.xcassets"; sourceTree = "<group>"; };
		B3850D312493B59900646AAE /* Base */ = {isa = PBXFileReference; lastKnownFileType = file.storyboard; name = Base; path = Base.lproj/LaunchScreen.storyboard; sourceTree = "<group>"; };
		B3850D332493B59900646AAE /* Info.plist */ = {isa = PBXFileReference; lastKnownFileType = text.plist.xml; path = Info.plist; sourceTree = "<group>"; };
/* End PBXFileReference section */

/* Begin PBXFrameworksBuildPhase section */
		B3850D1C2493B59700646AAE /* Frameworks */ = {
			isa = PBXFrameworksBuildPhase;
			buildActionMask = 2147483647;
			files = (
			);
			runOnlyForDeploymentPostprocessing = 0;
		};
/* End PBXFrameworksBuildPhase section */

/* Begin PBXGroup section */
		B3850D162493B59700646AAE = {
			isa = PBXGroup;
			children = (
				B3850D212493B59700646AAE /* Bookworm */,
				B3850D202493B59700646AAE /* Products */,
			);
			sourceTree = "<group>";
		};
		B3850D202493B59700646AAE /* Products */ = {
			isa = PBXGroup;
			children = (
				B3850D1F2493B59700646AAE /* Bookworm.app */,
			);
			name = Products;
			sourceTree = "<group>";
		};
		B3850D212493B59700646AAE /* Bookworm */ = {
			isa = PBXGroup;
			children = (
				B3850D222493B59700646AAE /* AppDelegate.swift */,
				B3850D242493B59700646AAE /* SceneDelegate.swift */,
				B3850D292493B59700646AAE /* ContentView.swift */,
				B302554B24951C4300B05623 /* AddBookView.swift */,
				B302554F24952A5F00B05623 /* EmojiRatingView.swift */,
				B302554D249524B500B05623 /* StarRating.swift */,
				B31289C524966254006DE052 /* DetailView.swift */,
				B3850D2B2493B59900646AAE /* Assets.xcassets */,
				B3850D302493B59900646AAE /* LaunchScreen.storyboard */,
				B3850D332493B59900646AAE /* Info.plist */,
				B3850D262493B59700646AAE /* Bookworm.xcdatamodeld */,
				B3850D2D2493B59900646AAE /* Preview Content */,
			);
			path = Bookworm;
			sourceTree = "<group>";
		};
		B3850D2D2493B59900646AAE /* Preview Content */ = {
			isa = PBXGroup;
			children = (
				B3850D2E2493B59900646AAE /* Preview Assets.xcassets */,
			);
			path = "Preview Content";
			sourceTree = "<group>";
		};
/* End PBXGroup section */

/* Begin PBXNativeTarget section */
		B3850D1E2493B59700646AAE /* Bookworm */ = {
			isa = PBXNativeTarget;
			buildConfigurationList = B3850D362493B59900646AAE /* Build configuration list for PBXNativeTarget "Bookworm" */;
			buildPhases = (
				B3850D1B2493B59700646AAE /* Sources */,
				B3850D1C2493B59700646AAE /* Frameworks */,
				B3850D1D2493B59700646AAE /* Resources */,
			);
			buildRules = (
			);
			dependencies = (
			);
			name = Bookworm;
			productName = Bookworm;
			productReference = B3850D1F2493B59700646AAE /* Bookworm.app */;
			productType = "com.apple.product-type.application";
		};
/* End PBXNativeTarget section */

/* Begin PBXProject section */
		B3850D172493B59700646AAE /* Project object */ = {
			isa = PBXProject;
			attributes = {
				LastSwiftUpdateCheck = 1150;
				LastUpgradeCheck = 1150;
				ORGANIZATIONNAME = "Boyce Estes";
				TargetAttributes = {
					B3850D1E2493B59700646AAE = {
						CreatedOnToolsVersion = 11.5;
					};
				};
			};
			buildConfigurationList = B3850D1A2493B59700646AAE /* Build configuration list for PBXProject "Bookworm" */;
			compatibilityVersion = "Xcode 9.3";
			developmentRegion = en;
			hasScannedForEncodings = 0;
			knownRegions = (
				en,
				Base,
			);
			mainGroup = B3850D162493B59700646AAE;
			productRefGroup = B3850D202493B59700646AAE /* Products */;
			projectDirPath = "";
			projectRoot = "";
			targets = (
				B3850D1E2493B59700646AAE /* Bookworm */,
			);
		};
/* End PBXProject section */

/* Begin PBXResourcesBuildPhase section */
		B3850D1D2493B59700646AAE /* Resources */ = {
			isa = PBXResourcesBuildPhase;
			buildActionMask = 2147483647;
			files = (
				B3850D322493B59900646AAE /* LaunchScreen.storyboard in Resources */,
				B3850D2F2493B59900646AAE /* Preview Assets.xcassets in Resources */,
				B3850D2C2493B59900646AAE /* Assets.xcassets in Resources */,
			);
			runOnlyForDeploymentPostprocessing = 0;
		};
/* End PBXResourcesBuildPhase section */

/* Begin PBXSourcesBuildPhase section */
		B3850D1B2493B59700646AAE /* Sources */ = {
			isa = PBXSourcesBuildPhase;
			buildActionMask = 2147483647;
			files = (
				B3850D232493B59700646AAE /* AppDelegate.swift in Sources */,
				B31289C624966254006DE052 /* DetailView.swift in Sources */,
				B3850D282493B59700646AAE /* Bookworm.xcdatamodeld in Sources */,
				B302555024952A5F00B05623 /* EmojiRatingView.swift in Sources */,
				B302554E249524B500B05623 /* StarRating.swift in Sources */,
				B3850D2A2493B59700646AAE /* ContentView.swift in Sources */,
				B3850D252493B59700646AAE /* SceneDelegate.swift in Sources */,
				B302554C24951C4300B05623 /* AddBookView.swift in Sources */,
			);
			runOnlyForDeploymentPostprocessing = 0;
		};
/* End PBXSourcesBuildPhase section */

/* Begin PBXVariantGroup section */
		B3850D302493B59900646AAE /* LaunchScreen.storyboard */ = {
			isa = PBXVariantGroup;
			children = (
				B3850D312493B59900646AAE /* Base */,
			);
			name = LaunchScreen.storyboard;
			sourceTree = "<group>";
		};
/* End PBXVariantGroup section */

/* Begin XCBuildConfiguration section */
		B3850D342493B59900646AAE /* Debug */ = {
			isa = XCBuildConfiguration;
			buildSettings = {
				ALWAYS_SEARCH_USER_PATHS = NO;
				CLANG_ANALYZER_NONNULL = YES;
				CLANG_ANALYZER_NUMBER_OBJECT_CONVERSION = YES_AGGRESSIVE;
				CLANG_CXX_LANGUAGE_STANDARD = "gnu++14";
				CLANG_CXX_LIBRARY = "libc++";
				CLANG_ENABLE_MODULES = YES;
				CLANG_ENABLE_OBJC_ARC = YES;
				CLANG_ENABLE_OBJC_WEAK = YES;
				CLANG_WARN_BLOCK_CAPTURE_AUTORELEASING = YES;
				CLANG_WARN_BOOL_CONVERSION = YES;
				CLANG_WARN_COMMA = YES;
				CLANG_WARN_CONSTANT_CONVERSION = YES;
				CLANG_WARN_DEPRECATED_OBJC_IMPLEMENTATIONS = YES;
				CLANG_WARN_DIRECT_OBJC_ISA_USAGE = YES_ERROR;
				CLANG_WARN_DOCUMENTATION_COMMENTS = YES;
				CLANG_WARN_EMPTY_BODY = YES;
				CLANG_WARN_ENUM_CONVERSION = YES;
				CLANG_WARN_INFINITE_RECURSION = YES;
				CLANG_WARN_INT_CONVERSION = YES;
				CLANG_WARN_NON_LITERAL_NULL_CONVERSION = YES;
				CLANG_WARN_OBJC_IMPLICIT_RETAIN_SELF = YES;
				CLANG_WARN_OBJC_LITERAL_CONVERSION = YES;
				CLANG_WARN_OBJC_ROOT_CLASS = YES_ERROR;
				CLANG_WARN_RANGE_LOOP_ANALYSIS = YES;
				CLANG_WARN_STRICT_PROTOTYPES = YES;
				CLANG_WARN_SUSPICIOUS_MOVE = YES;
				CLANG_WARN_UNGUARDED_AVAILABILITY = YES_AGGRESSIVE;
				CLANG_WARN_UNREACHABLE_CODE = YES;
				CLANG_WARN__DUPLICATE_METHOD_MATCH = YES;
				COPY_PHASE_STRIP = NO;
				DEBUG_INFORMATION_FORMAT = dwarf;
				ENABLE_STRICT_OBJC_MSGSEND = YES;
				ENABLE_TESTABILITY = YES;
				GCC_C_LANGUAGE_STANDARD = gnu11;
				GCC_DYNAMIC_NO_PIC = NO;
				GCC_NO_COMMON_BLOCKS = YES;
				GCC_OPTIMIZATION_LEVEL = 0;
				GCC_PREPROCESSOR_DEFINITIONS = (
					"DEBUG=1",
					"$(inherited)",
				);
				GCC_WARN_64_TO_32_BIT_CONVERSION = YES;
				GCC_WARN_ABOUT_RETURN_TYPE = YES_ERROR;
				GCC_WARN_UNDECLARED_SELECTOR = YES;
				GCC_WARN_UNINITIALIZED_AUTOS = YES_AGGRESSIVE;
				GCC_WARN_UNUSED_FUNCTION = YES;
				GCC_WARN_UNUSED_VARIABLE = YES;
				IPHONEOS_DEPLOYMENT_TARGET = 13.5;
				MTL_ENABLE_DEBUG_INFO = INCLUDE_SOURCE;
				MTL_FAST_MATH = YES;
				ONLY_ACTIVE_ARCH = YES;
				SDKROOT = iphoneos;
				SWIFT_ACTIVE_COMPILATION_CONDITIONS = DEBUG;
				SWIFT_OPTIMIZATION_LEVEL = "-Onone";
			};
			name = Debug;
		};
		B3850D352493B59900646AAE /* Release */ = {
			isa = XCBuildConfiguration;
			buildSettings = {
				ALWAYS_SEARCH_USER_PATHS = NO;
				CLANG_ANALYZER_NONNULL = YES;
				CLANG_ANALYZER_NUMBER_OBJECT_CONVERSION = YES_AGGRESSIVE;
				CLANG_CXX_LANGUAGE_STANDARD = "gnu++14";
				CLANG_CXX_LIBRARY = "libc++";
				CLANG_ENABLE_MODULES = YES;
				CLANG_ENABLE_OBJC_ARC = YES;
				CLANG_ENABLE_OBJC_WEAK = YES;
				CLANG_WARN_BLOCK_CAPTURE_AUTORELEASING = YES;
				CLANG_WARN_BOOL_CONVERSION = YES;
				CLANG_WARN_COMMA = YES;
				CLANG_WARN_CONSTANT_CONVERSION = YES;
				CLANG_WARN_DEPRECATED_OBJC_IMPLEMENTATIONS = YES;
				CLANG_WARN_DIRECT_OBJC_ISA_USAGE = YES_ERROR;
				CLANG_WARN_DOCUMENTATION_COMMENTS = YES;
				CLANG_WARN_EMPTY_BODY = YES;
				CLANG_WARN_ENUM_CONVERSION = YES;
				CLANG_WARN_INFINITE_RECURSION = YES;
				CLANG_WARN_INT_CONVERSION = YES;
				CLANG_WARN_NON_LITERAL_NULL_CONVERSION = YES;
				CLANG_WARN_OBJC_IMPLICIT_RETAIN_SELF = YES;
				CLANG_WARN_OBJC_LITERAL_CONVERSION = YES;
				CLANG_WARN_OBJC_ROOT_CLASS = YES_ERROR;
				CLANG_WARN_RANGE_LOOP_ANALYSIS = YES;
				CLANG_WARN_STRICT_PROTOTYPES = YES;
				CLANG_WARN_SUSPICIOUS_MOVE = YES;
				CLANG_WARN_UNGUARDED_AVAILABILITY = YES_AGGRESSIVE;
				CLANG_WARN_UNREACHABLE_CODE = YES;
				CLANG_WARN__DUPLICATE_METHOD_MATCH = YES;
				COPY_PHASE_STRIP = NO;
				DEBUG_INFORMATION_FORMAT = "dwarf-with-dsym";
				ENABLE_NS_ASSERTIONS = NO;
				ENABLE_STRICT_OBJC_MSGSEND = YES;
				GCC_C_LANGUAGE_STANDARD = gnu11;
				GCC_NO_COMMON_BLOCKS = YES;
				GCC_WARN_64_TO_32_BIT_CONVERSION = YES;
				GCC_WARN_ABOUT_RETURN_TYPE = YES_ERROR;
				GCC_WARN_UNDECLARED_SELECTOR = YES;
				GCC_WARN_UNINITIALIZED_AUTOS = YES_AGGRESSIVE;
				GCC_WARN_UNUSED_FUNCTION = YES;
				GCC_WARN_UNUSED_VARIABLE = YES;
				IPHONEOS_DEPLOYMENT_TARGET = 13.5;
				MTL_ENABLE_DEBUG_INFO = NO;
				MTL_FAST_MATH = YES;
				SDKROOT = iphoneos;
				SWIFT_COMPILATION_MODE = wholemodule;
				SWIFT_OPTIMIZATION_LEVEL = "-O";
				VALIDATE_PRODUCT = YES;
			};
			name = Release;
		};
		B3850D372493B59900646AAE /* Debug */ = {
			isa = XCBuildConfiguration;
			buildSettings = {
				ASSETCATALOG_COMPILER_APPICON_NAME = AppIcon;
				CODE_SIGN_STYLE = Automatic;
				DEVELOPMENT_ASSET_PATHS = "\"Bookworm/Preview Content\"";
				DEVELOPMENT_TEAM = RXL7292WR8;
				ENABLE_PREVIEWS = YES;
				INFOPLIST_FILE = Bookworm/Info.plist;
				LD_RUNPATH_SEARCH_PATHS = (
					"$(inherited)",
					"@executable_path/Frameworks",
				);
				PRODUCT_BUNDLE_IDENTIFIER = me.estes.boyce.Bookworm;
				PRODUCT_NAME = "$(TARGET_NAME)";
				SWIFT_VERSION = 5.0;
				TARGETED_DEVICE_FAMILY = "1,2";
			};
			name = Debug;
		};
		B3850D382493B59900646AAE /* Release */ = {
			isa = XCBuildConfiguration;
			buildSettings = {
				ASSETCATALOG_COMPILER_APPICON_NAME = AppIcon;
				CODE_SIGN_STYLE = Automatic;
				DEVELOPMENT_ASSET_PATHS = "\"Bookworm/Preview Content\"";
				DEVELOPMENT_TEAM = RXL7292WR8;
				ENABLE_PREVIEWS = YES;
				INFOPLIST_FILE = Bookworm/Info.plist;
				LD_RUNPATH_SEARCH_PATHS = (
					"$(inherited)",
					"@executable_path/Frameworks",
				);
				PRODUCT_BUNDLE_IDENTIFIER = me.estes.boyce.Bookworm;
				PRODUCT_NAME = "$(TARGET_NAME)";
				SWIFT_VERSION = 5.0;
				TARGETED_DEVICE_FAMILY = "1,2";
			};
			name = Release;
		};
/* End XCBuildConfiguration section */

/* Begin XCConfigurationList section */
		B3850D1A2493B59700646AAE /* Build configuration list for PBXProject "Bookworm" */ = {
			isa = XCConfigurationList;
			buildConfigurations = (
				B3850D342493B59900646AAE /* Debug */,
				B3850D352493B59900646AAE /* Release */,
			);
			defaultConfigurationIsVisible = 0;
			defaultConfigurationName = Release;
		};
		B3850D362493B59900646AAE /* Build configuration list for PBXNativeTarget "Bookworm" */ = {
			isa = XCConfigurationList;
			buildConfigurations = (
				B3850D372493B59900646AAE /* Debug */,
				B3850D382493B59900646AAE /* Release */,
			);
			defaultConfigurationIsVisible = 0;
			defaultConfigurationName = Release;
		};
/* End XCConfigurationList section */

/* Begin XCVersionGroup section */
		B3850D262493B59700646AAE /* Bookworm.xcdatamodeld */ = {
			isa = XCVersionGroup;
			children = (
				B3850D272493B59700646AAE /* Bookworm.xcdatamodel */,
			);
			currentVersion = B3850D272493B59700646AAE /* Bookworm.xcdatamodel */;
			path = Bookworm.xcdatamodeld;
			sourceTree = "<group>";
			versionGroupType = wrapper.xcdatamodel;
		};
/* End XCVersionGroup section */
	};
	rootObject = B3850D172493B59700646AAE /* Project object */;
}
